
Microsoft Visual Studio Solution File, Format Version 12.00
# Visual Studio Version 17
VisualStudioVersion = 17.8.34511.84
MinimumVisualStudioVersion = 10.0.40219.1
Project("{FAE04EC0-301F-11D3-BF4B-00C04F79EFBC}") = "RabbitSender", "RabbitSender\RabbitSender.csproj", "{8B44B6B7-0A2A-4E59-8B27-EA55736A8484}"
EndProject
Project("{FAE04EC0-301F-11D3-BF4B-00C04F79EFBC}") = "RabbitReceiver1", "RabbitReceiver1\RabbitReceiver1.csproj", "{3E5C58CD-41F0-49ED-8D60-15C88C605C91}"
EndProject
Project("{FAE04EC0-301F-11D3-BF4B-00C04F79EFBC}") = "RabbitReceiver2", "RabbitReceiver2\RabbitReceiver2.csproj", "{E6357DB4-AFE8-4339-9847-58E0FB5F5F35}"
EndProject
Global
	GlobalSection(SolutionConfigurationPlatforms) = preSolution
		Debug|Any CPU = Debug|Any CPU
		Release|Any CPU = Release|Any CPU
	EndGlobalSection
	GlobalSection(ProjectConfigurationPlatforms) = postSolution
		{8B44B6B7-0A2A-4E59-8B27-EA55736A8484}.Debug|Any CPU.ActiveCfg = Debug|Any CPU
		{8B44B6B7-0A2A-4E59-8B27-EA55736A8484}.Debug|Any CPU.Build.0 = Debug|Any CPU
		{8B44B6B7-0A2A-4E59-8B27-EA55736A8484}.Release|Any CPU.ActiveCfg = Release|Any CPU
		{8B44B6B7-0A2A-4E59-8B27-EA55736A8484}.Release|Any CPU.Build.0 = Release|Any CPU
		{3E5C58CD-41F0-49ED-8D60-15C88C605C91}.Debug|Any CPU.ActiveCfg = Debug|Any CPU
		{3E5C58CD-41F0-49ED-8D60-15C88C605C91}.Debug|Any CPU.Build.0 = Debug|Any CPU
		{3E5C58CD-41F0-49ED-8D60-15C88C605C91}.Release|Any CPU.ActiveCfg = Release|Any CPU
		{3E5C58CD-41F0-49ED-8D60-15C88C605C91}.Release|Any CPU.Build.0 = Release|Any CPU
		{E6357DB4-AFE8-4339-9847-58E0FB5F5F35}.Debug|Any CPU.ActiveCfg = Debug|Any CPU
		{E6357DB4-AFE8-4339-9847-58E0FB5F5F35}.Debug|Any CPU.Build.0 = Debug|Any CPU
		{E6357DB4-AFE8-4339-9847-58E0FB5F5F35}.Release|Any CPU.ActiveCfg = Release|Any CPU
		{E6357DB4-AFE8-4339-9847-58E0FB5F5F35}.Release|Any CPU.Build.0 = Release|Any CPU
	EndGlobalSection
	GlobalSection(SolutionProperties) = preSolution
		HideSolutionNode = FALSE
	EndGlobalSection
	GlobalSection(ExtensibilityGlobals) = postSolution
		SolutionGuid = {292FDF70-9059-4D8C-BD73-F70085154B20}
	EndGlobalSection
EndGlobal
